
Microsoft Visual Studio Solution File, Format Version 12.00
# Visual Studio Version 16
VisualStudioVersion = 16.0.36128.20
MinimumVisualStudioVersion = 10.0.40219.1
Project("{FAE04EC0-301F-11D3-BF4B-00C04F79EFBC}") = "Assignment_6", "Assignment_6\Assignment_6.csproj", "{7C852F94-1D98-4E72-B288-418358E1718F}"
EndProject
Global
	GlobalSection(SolutionConfigurationPlatforms) = preSolution
		Debug|Any CPU = Debug|Any CPU
		Release|Any CPU = Release|Any CPU
	EndGlobalSection
	GlobalSection(ProjectConfigurationPlatforms) = postSolution
		{7C852F94-1D98-4E72-B288-418358E1718F}.Debug|Any CPU.ActiveCfg = Debug|Any CPU
		{7C852F94-1D98-4E72-B288-418358E1718F}.Debug|Any CPU.Build.0 = Debug|Any CPU
		{7C852F94-1D98-4E72-B288-418358E1718F}.Release|Any CPU.ActiveCfg = Release|Any CPU
		{7C852F94-1D98-4E72-B288-418358E1718F}.Release|Any CPU.Build.0 = Release|Any CPU
	EndGlobalSection
	GlobalSection(SolutionProperties) = preSolution
		HideSolutionNode = FALSE
	EndGlobalSection
	GlobalSection(ExtensibilityGlobals) = postSolution
		SolutionGuid = {39DC0C3A-8052-4BAD-AD8B-2BD9121FCF2E}
	EndGlobalSection
EndGlobal
