
Microsoft Visual Studio Solution File, Format Version 12.00
# Visual Studio Version 16
VisualStudioVersion = 16.0.36128.20
MinimumVisualStudioVersion = 10.0.40219.1
Project("{FAE04EC0-301F-11D3-BF4B-00C04F79EFBC}") = "Train_Booking_App", "Train_Booking_App\Train_Booking_App.csproj", "{A723EE85-0D86-49BB-9818-323869DE9719}"
EndProject
Global
	GlobalSection(SolutionConfigurationPlatforms) = preSolution
		Debug|Any CPU = Debug|Any CPU
		Release|Any CPU = Release|Any CPU
	EndGlobalSection
	GlobalSection(ProjectConfigurationPlatforms) = postSolution
		{A723EE85-0D86-49BB-9818-323869DE9719}.Debug|Any CPU.ActiveCfg = Debug|Any CPU
		{A723EE85-0D86-49BB-9818-323869DE9719}.Debug|Any CPU.Build.0 = Debug|Any CPU
		{A723EE85-0D86-49BB-9818-323869DE9719}.Release|Any CPU.ActiveCfg = Release|Any CPU
		{A723EE85-0D86-49BB-9818-323869DE9719}.Release|Any CPU.Build.0 = Release|Any CPU
	EndGlobalSection
	GlobalSection(SolutionProperties) = preSolution
		HideSolutionNode = FALSE
	EndGlobalSection
	GlobalSection(ExtensibilityGlobals) = postSolution
		SolutionGuid = {866A1B20-2663-4D3E-9809-29173BD4998E}
	EndGlobalSection
EndGlobal
