
Microsoft Visual Studio Solution File, Format Version 12.00
# Visual Studio Version 16
VisualStudioVersion = 16.0.36128.20
MinimumVisualStudioVersion = 10.0.40219.1
Project("{FAE04EC0-301F-11D3-BF4B-00C04F79EFBC}") = "classpractice_2", "classpractice_2\classpractice_2.csproj", "{6D766D5F-ED33-40A1-8336-6E6CCBA805B5}"
EndProject
Global
	GlobalSection(SolutionConfigurationPlatforms) = preSolution
		Debug|Any CPU = Debug|Any CPU
		Release|Any CPU = Release|Any CPU
	EndGlobalSection
	GlobalSection(ProjectConfigurationPlatforms) = postSolution
		{6D766D5F-ED33-40A1-8336-6E6CCBA805B5}.Debug|Any CPU.ActiveCfg = Debug|Any CPU
		{6D766D5F-ED33-40A1-8336-6E6CCBA805B5}.Debug|Any CPU.Build.0 = Debug|Any CPU
		{6D766D5F-ED33-40A1-8336-6E6CCBA805B5}.Release|Any CPU.ActiveCfg = Release|Any CPU
		{6D766D5F-ED33-40A1-8336-6E6CCBA805B5}.Release|Any CPU.Build.0 = Release|Any CPU
	EndGlobalSection
	GlobalSection(SolutionProperties) = preSolution
		HideSolutionNode = FALSE
	EndGlobalSection
	GlobalSection(ExtensibilityGlobals) = postSolution
		SolutionGuid = {0250988A-ED4D-4BC3-936F-423BBA8E1806}
	EndGlobalSection
EndGlobal
