
Microsoft Visual Studio Solution File, Format Version 12.00
# Visual Studio Version 16
VisualStudioVersion = 16.0.36128.20
MinimumVisualStudioVersion = 10.0.40219.1
Project("{FAE04EC0-301F-11D3-BF4B-00C04F79EFBC}") = "Question1", "Question1\Question1.csproj", "{EFEDE474-BBB7-4149-B272-B39D9A423051}"
EndProject
Global
	GlobalSection(SolutionConfigurationPlatforms) = preSolution
		Debug|Any CPU = Debug|Any CPU
		Release|Any CPU = Release|Any CPU
	EndGlobalSection
	GlobalSection(ProjectConfigurationPlatforms) = postSolution
		{EFEDE474-BBB7-4149-B272-B39D9A423051}.Debug|Any CPU.ActiveCfg = Debug|Any CPU
		{EFEDE474-BBB7-4149-B272-B39D9A423051}.Debug|Any CPU.Build.0 = Debug|Any CPU
		{EFEDE474-BBB7-4149-B272-B39D9A423051}.Release|Any CPU.ActiveCfg = Release|Any CPU
		{EFEDE474-BBB7-4149-B272-B39D9A423051}.Release|Any CPU.Build.0 = Release|Any CPU
	EndGlobalSection
	GlobalSection(SolutionProperties) = preSolution
		HideSolutionNode = FALSE
	EndGlobalSection
	GlobalSection(ExtensibilityGlobals) = postSolution
		SolutionGuid = {378E8E60-3606-4E29-AAB7-FFAC12C9E9E4}
	EndGlobalSection
EndGlobal
