
Microsoft Visual Studio Solution File, Format Version 12.00
# Visual Studio Version 16
VisualStudioVersion = 16.0.36128.20
MinimumVisualStudioVersion = 10.0.40219.1
Project("{FAE04EC0-301F-11D3-BF4B-00C04F79EFBC}") = "CC4", "CC4\CC4.csproj", "{1EA7F49E-A5FD-4FE1-90BE-45DAF2075E04}"
EndProject
Global
	GlobalSection(SolutionConfigurationPlatforms) = preSolution
		Debug|Any CPU = Debug|Any CPU
		Release|Any CPU = Release|Any CPU
	EndGlobalSection
	GlobalSection(ProjectConfigurationPlatforms) = postSolution
		{1EA7F49E-A5FD-4FE1-90BE-45DAF2075E04}.Debug|Any CPU.ActiveCfg = Debug|Any CPU
		{1EA7F49E-A5FD-4FE1-90BE-45DAF2075E04}.Debug|Any CPU.Build.0 = Debug|Any CPU
		{1EA7F49E-A5FD-4FE1-90BE-45DAF2075E04}.Release|Any CPU.ActiveCfg = Release|Any CPU
		{1EA7F49E-A5FD-4FE1-90BE-45DAF2075E04}.Release|Any CPU.Build.0 = Release|Any CPU
	EndGlobalSection
	GlobalSection(SolutionProperties) = preSolution
		HideSolutionNode = FALSE
	EndGlobalSection
	GlobalSection(ExtensibilityGlobals) = postSolution
		SolutionGuid = {41C5B8AF-7E9C-4561-8981-8BD0B7745C03}
	EndGlobalSection
EndGlobal
